{
  "name": "node-red-contrib-fibaro-hc2-bridge",
  "version": "0.1.5",
  "lockfileVersion": 1,
  "requires": true,
  "dependencies": {
    "fibaro-home-center2-client": {
      "version": "0.2.2",
      "requires": {
        "@akanass/rx-http-request": "^3.3.0",
        "rxjs": "^6.5.3"
      }
    }
  }
}
